
Microsoft Visual Studio Solution File, Format Version 11.00
# Visual Studio 2010
Project("{FAE04EC0-301F-11D3-BF4B-00C04F79EFBC}") = "Patterns.Specification", "Patterns.Specification\Patterns.Specification.csproj", "{20B9B32F-061C-44F0-897C-519B6B34801B}"
EndProject
Project("{FAE04EC0-301F-11D3-BF4B-00C04F79EFBC}") = "BusinessLayer", "BusinessLayer\BusinessLayer.csproj", "{9FD1FE7D-DC4D-47A6-B3F8-113B888E63C9}"
EndProject
Global
	GlobalSection(SolutionConfigurationPlatforms) = preSolution
		Debug|Any CPU = Debug|Any CPU
		Release|Any CPU = Release|Any CPU
	EndGlobalSection
	GlobalSection(ProjectConfigurationPlatforms) = postSolution
		{20B9B32F-061C-44F0-897C-519B6B34801B}.Debug|Any CPU.ActiveCfg = Debug|Any CPU
		{20B9B32F-061C-44F0-897C-519B6B34801B}.Debug|Any CPU.Build.0 = Debug|Any CPU
		{20B9B32F-061C-44F0-897C-519B6B34801B}.Release|Any CPU.ActiveCfg = Release|Any CPU
		{20B9B32F-061C-44F0-897C-519B6B34801B}.Release|Any CPU.Build.0 = Release|Any CPU
		{9FD1FE7D-DC4D-47A6-B3F8-113B888E63C9}.Debug|Any CPU.ActiveCfg = Debug|Any CPU
		{9FD1FE7D-DC4D-47A6-B3F8-113B888E63C9}.Debug|Any CPU.Build.0 = Debug|Any CPU
		{9FD1FE7D-DC4D-47A6-B3F8-113B888E63C9}.Release|Any CPU.ActiveCfg = Release|Any CPU
		{9FD1FE7D-DC4D-47A6-B3F8-113B888E63C9}.Release|Any CPU.Build.0 = Release|Any CPU
	EndGlobalSection
	GlobalSection(SolutionProperties) = preSolution
		HideSolutionNode = FALSE
	EndGlobalSection
EndGlobal
